
Microsoft Visual Studio Solution File, Format Version 12.00
Project("{FAE04EC0-301F-11D3-BF4B-00C04F79EFBC}") = "PES3-Disc.Core", "src\PES3-Disc.Core\PES3-Disc.Core.csproj", "{A1B2C3D4-1111-4000-8000-000000000001}"
EndProject
Project("{FAE04EC0-301F-11D3-BF4B-00C04F79EFBC}") = "PES3-Disc.App", "src\PES3-Disc.App\PES3-Disc.App.csproj", "{A1B2C3D4-1111-4000-8000-000000000002}"
EndProject
Project("{FAE04EC0-301F-11D3-BF4B-00C04F79EFBC}") = "PES3-Disc.DumpCli", "tools\PES3-Disc.DumpCli\PES3-Disc.DumpCli.csproj", "{A1B2C3D4-1111-4000-8000-000000000003}"
EndProject
Project("{FAE04EC0-301F-11D3-BF4B-00C04F79EFBC}") = "PES3-Disc.Cli", "src\PES3-Disc.Cli\PES3-Disc.Cli.csproj", "{A1B2C3D4-1111-4000-8000-000000000004}"
EndProject
Project("{FAE04EC0-301F-11D3-BF4B-00C04F79EFBC}") = "PES3-Disc.ViewModels", "src\PES3-Disc.ViewModels\PES3-Disc.ViewModels.csproj", "{A1B2C3D4-1111-4000-8000-000000000005}"
EndProject
Project("{FAE04EC0-301F-11D3-BF4B-00C04F79EFBC}") = "PES3-Disc.Avalonia", "src\PES3-Disc.Avalonia\PES3-Disc.Avalonia.csproj", "{A1B2C3D4-1111-4000-8000-000000000006}"
EndProject
Project("{FAE04EC0-301F-11D3-BF4B-00C04F79EFBC}") = "PES3-Disc.LinuxDump", "tools\PES3-Disc.LinuxDump\PES3-Disc.LinuxDump.csproj", "{A1B2C3D4-1111-4000-8000-000000000007}"
EndProject
Project("{FAE04EC0-301F-11D3-BF4B-00C04F79EFBC}") = "PES3-Disc.BugReports", "src\PES3-Disc.BugReports\PES3-Disc.BugReports.csproj", "{A1B2C3D4-1111-4000-8000-000000000008}"
EndProject
Project("{FAE04EC0-301F-11D3-BF4B-00C04F79EFBC}") = "PES3-Disc.Core.Tests", "tests\PES3-Disc.Core.Tests\PES3-Disc.Core.Tests.csproj", "{A1B2C3D4-1111-4000-8000-000000000009}"
EndProject
Project("{FAE04EC0-301F-11D3-BF4B-00C04F79EFBC}") = "PES3.BugReports.Api.Tests", "tests\PES3.BugReports.Api.Tests\PES3.BugReports.Api.Tests.csproj", "{A1B2C3D4-1111-4000-8000-00000000000A}"
EndProject
Global
	GlobalSection(SolutionConfigurationPlatforms) = preSolution
		Debug|Any CPU = Debug|Any CPU
		Release|Any CPU = Release|Any CPU
	EndGlobalSection
	GlobalSection(ProjectConfigurationPlatforms) = postSolution
		{A1B2C3D4-1111-4000-8000-000000000001}.Debug|Any CPU.ActiveCfg = Debug|Any CPU
		{A1B2C3D4-1111-4000-8000-000000000001}.Debug|Any CPU.Build.0 = Debug|Any CPU
		{A1B2C3D4-1111-4000-8000-000000000001}.Release|Any CPU.ActiveCfg = Release|Any CPU
		{A1B2C3D4-1111-4000-8000-000000000001}.Release|Any CPU.Build.0 = Release|Any CPU
		{A1B2C3D4-1111-4000-8000-000000000002}.Debug|Any CPU.ActiveCfg = Debug|Any CPU
		{A1B2C3D4-1111-4000-8000-000000000002}.Debug|Any CPU.Build.0 = Debug|Any CPU
		{A1B2C3D4-1111-4000-8000-000000000002}.Release|Any CPU.ActiveCfg = Release|Any CPU
		{A1B2C3D4-1111-4000-8000-000000000002}.Release|Any CPU.Build.0 = Release|Any CPU
		{A1B2C3D4-1111-4000-8000-000000000003}.Debug|Any CPU.ActiveCfg = Debug|Any CPU
		{A1B2C3D4-1111-4000-8000-000000000003}.Debug|Any CPU.Build.0 = Debug|Any CPU
		{A1B2C3D4-1111-4000-8000-000000000003}.Release|Any CPU.ActiveCfg = Release|Any CPU
		{A1B2C3D4-1111-4000-8000-000000000003}.Release|Any CPU.Build.0 = Release|Any CPU
		{A1B2C3D4-1111-4000-8000-000000000004}.Debug|Any CPU.ActiveCfg = Debug|Any CPU
		{A1B2C3D4-1111-4000-8000-000000000004}.Debug|Any CPU.Build.0 = Debug|Any CPU
		{A1B2C3D4-1111-4000-8000-000000000004}.Release|Any CPU.ActiveCfg = Release|Any CPU
		{A1B2C3D4-1111-4000-8000-000000000004}.Release|Any CPU.Build.0 = Release|Any CPU
		{A1B2C3D4-1111-4000-8000-000000000005}.Debug|Any CPU.ActiveCfg = Debug|Any CPU
		{A1B2C3D4-1111-4000-8000-000000000005}.Debug|Any CPU.Build.0 = Debug|Any CPU
		{A1B2C3D4-1111-4000-8000-000000000005}.Release|Any CPU.ActiveCfg = Release|Any CPU
		{A1B2C3D4-1111-4000-8000-000000000005}.Release|Any CPU.Build.0 = Release|Any CPU
		{A1B2C3D4-1111-4000-8000-000000000006}.Debug|Any CPU.ActiveCfg = Debug|Any CPU
		{A1B2C3D4-1111-4000-8000-000000000006}.Debug|Any CPU.Build.0 = Debug|Any CPU
		{A1B2C3D4-1111-4000-8000-000000000006}.Release|Any CPU.ActiveCfg = Release|Any CPU
		{A1B2C3D4-1111-4000-8000-000000000006}.Release|Any CPU.Build.0 = Release|Any CPU
		{A1B2C3D4-1111-4000-8000-000000000007}.Debug|Any CPU.ActiveCfg = Debug|Any CPU
		{A1B2C3D4-1111-4000-8000-000000000007}.Debug|Any CPU.Build.0 = Debug|Any CPU
		{A1B2C3D4-1111-4000-8000-000000000007}.Release|Any CPU.ActiveCfg = Release|Any CPU
		{A1B2C3D4-1111-4000-8000-000000000007}.Release|Any CPU.Build.0 = Release|Any CPU
		{A1B2C3D4-1111-4000-8000-000000000008}.Debug|Any CPU.ActiveCfg = Debug|Any CPU
		{A1B2C3D4-1111-4000-8000-000000000008}.Debug|Any CPU.Build.0 = Debug|Any CPU
		{A1B2C3D4-1111-4000-8000-000000000008}.Release|Any CPU.ActiveCfg = Release|Any CPU
		{A1B2C3D4-1111-4000-8000-000000000008}.Release|Any CPU.Build.0 = Release|Any CPU
		{A1B2C3D4-1111-4000-8000-000000000009}.Debug|Any CPU.ActiveCfg = Debug|Any CPU
		{A1B2C3D4-1111-4000-8000-000000000009}.Debug|Any CPU.Build.0 = Debug|Any CPU
		{A1B2C3D4-1111-4000-8000-000000000009}.Release|Any CPU.ActiveCfg = Release|Any CPU
		{A1B2C3D4-1111-4000-8000-000000000009}.Release|Any CPU.Build.0 = Release|Any CPU
		{A1B2C3D4-1111-4000-8000-00000000000A}.Debug|Any CPU.ActiveCfg = Debug|Any CPU
		{A1B2C3D4-1111-4000-8000-00000000000A}.Debug|Any CPU.Build.0 = Debug|Any CPU
		{A1B2C3D4-1111-4000-8000-00000000000A}.Release|Any CPU.ActiveCfg = Release|Any CPU
		{A1B2C3D4-1111-4000-8000-00000000000A}.Release|Any CPU.Build.0 = Release|Any CPU
	EndGlobalSection
EndGlobal
